
Microsoft Visual Studio Solution File, Format Version 12.00
# Visual Studio Version 17
VisualStudioVersion = 17.2.32602.215
MinimumVisualStudioVersion = 10.0.40219.1
Project("{9A19103F-16F7-4668-BE54-9A1E7A4F7556}") = "API", "API\API.csproj", "{01D72C5F-04C8-4585-BB73-DCE6A98033DD}"
EndProject
Project("{9A19103F-16F7-4668-BE54-9A1E7A4F7556}") = "Helper", "Helper\Helper.csproj", "{108B89D9-5C81-40F3-95DB-330F2B25A1BD}"
EndProject
Project("{9A19103F-16F7-4668-BE54-9A1E7A4F7556}") = "DataAccess", "DataAccess\DataAccess.csproj", "{BF9E0197-B8B3-4D24-B2BF-0A366BEB79DE}"
EndProject
Project("{9A19103F-16F7-4668-BE54-9A1E7A4F7556}") = "DTO", "DTO\DTO.csproj", "{A4B2EB2E-9431-432A-A439-C3AD8CF31BBB}"
EndProject
Project("{9A19103F-16F7-4668-BE54-9A1E7A4F7556}") = "Service", "Service\Service.csproj", "{8AFB115F-E400-4E17-A21B-78A1DF8DAE6E}"
EndProject
Global
	GlobalSection(SolutionConfigurationPlatforms) = preSolution
		Debug|Any CPU = Debug|Any CPU
		Release|Any CPU = Release|Any CPU
	EndGlobalSection
	GlobalSection(ProjectConfigurationPlatforms) = postSolution
		{01D72C5F-04C8-4585-BB73-DCE6A98033DD}.Debug|Any CPU.ActiveCfg = Debug|Any CPU
		{01D72C5F-04C8-4585-BB73-DCE6A98033DD}.Debug|Any CPU.Build.0 = Debug|Any CPU
		{01D72C5F-04C8-4585-BB73-DCE6A98033DD}.Release|Any CPU.ActiveCfg = Release|Any CPU
		{01D72C5F-04C8-4585-BB73-DCE6A98033DD}.Release|Any CPU.Build.0 = Release|Any CPU
		{108B89D9-5C81-40F3-95DB-330F2B25A1BD}.Debug|Any CPU.ActiveCfg = Debug|Any CPU
		{108B89D9-5C81-40F3-95DB-330F2B25A1BD}.Debug|Any CPU.Build.0 = Debug|Any CPU
		{108B89D9-5C81-40F3-95DB-330F2B25A1BD}.Release|Any CPU.ActiveCfg = Release|Any CPU
		{108B89D9-5C81-40F3-95DB-330F2B25A1BD}.Release|Any CPU.Build.0 = Release|Any CPU
		{BF9E0197-B8B3-4D24-B2BF-0A366BEB79DE}.Debug|Any CPU.ActiveCfg = Debug|Any CPU
		{BF9E0197-B8B3-4D24-B2BF-0A366BEB79DE}.Debug|Any CPU.Build.0 = Debug|Any CPU
		{BF9E0197-B8B3-4D24-B2BF-0A366BEB79DE}.Release|Any CPU.ActiveCfg = Release|Any CPU
		{BF9E0197-B8B3-4D24-B2BF-0A366BEB79DE}.Release|Any CPU.Build.0 = Release|Any CPU
		{A4B2EB2E-9431-432A-A439-C3AD8CF31BBB}.Debug|Any CPU.ActiveCfg = Debug|Any CPU
		{A4B2EB2E-9431-432A-A439-C3AD8CF31BBB}.Debug|Any CPU.Build.0 = Debug|Any CPU
		{A4B2EB2E-9431-432A-A439-C3AD8CF31BBB}.Release|Any CPU.ActiveCfg = Release|Any CPU
		{A4B2EB2E-9431-432A-A439-C3AD8CF31BBB}.Release|Any CPU.Build.0 = Release|Any CPU
		{8AFB115F-E400-4E17-A21B-78A1DF8DAE6E}.Debug|Any CPU.ActiveCfg = Debug|Any CPU
		{8AFB115F-E400-4E17-A21B-78A1DF8DAE6E}.Debug|Any CPU.Build.0 = Debug|Any CPU
		{8AFB115F-E400-4E17-A21B-78A1DF8DAE6E}.Release|Any CPU.ActiveCfg = Release|Any CPU
		{8AFB115F-E400-4E17-A21B-78A1DF8DAE6E}.Release|Any CPU.Build.0 = Release|Any CPU
	EndGlobalSection
	GlobalSection(SolutionProperties) = preSolution
		HideSolutionNode = FALSE
	EndGlobalSection
	GlobalSection(ExtensibilityGlobals) = postSolution
		SolutionGuid = {9975C171-5DC7-4FC4-A015-0CEE6A77AB91}
	EndGlobalSection
EndGlobal
